
Microsoft Visual Studio Solution File, Format Version 12.00
# Visual Studio 15
VisualStudioVersion = 15.0.27703.2035
MinimumVisualStudioVersion = 10.0.40219.1
Project("{FAE04EC0-301F-11D3-BF4B-00C04F79EFBC}") = "HealthCheck", "HealthCheck\HealthCheck.csproj", "{08DF4C70-6288-4D8E-BA37-149DE8FB5330}"
EndProject
Project("{FAE04EC0-301F-11D3-BF4B-00C04F79EFBC}") = "ServiceA", "ServiceA\ServiceA.csproj", "{5259EC5C-6A50-4BC2-9B38-C9E2B8239F83}"
EndProject
Project("{FAE04EC0-301F-11D3-BF4B-00C04F79EFBC}") = "ServiceB", "ServiceB\ServiceB.csproj", "{7D401212-BBB0-4440-91D7-3985FBA1F1D1}"
EndProject
Project("{FAE04EC0-301F-11D3-BF4B-00C04F79EFBC}") = "WithMetricsPackageService", "WithMetricsPackageService\WithMetricsPackageService.csproj", "{385C9F79-B7F7-455D-9F84-A9BF11D76124}"
EndProject
Global
	GlobalSection(SolutionConfigurationPlatforms) = preSolution
		Debug|Any CPU = Debug|Any CPU
		Release|Any CPU = Release|Any CPU
	EndGlobalSection
	GlobalSection(ProjectConfigurationPlatforms) = postSolution
		{08DF4C70-6288-4D8E-BA37-149DE8FB5330}.Debug|Any CPU.ActiveCfg = Debug|Any CPU
		{08DF4C70-6288-4D8E-BA37-149DE8FB5330}.Debug|Any CPU.Build.0 = Debug|Any CPU
		{08DF4C70-6288-4D8E-BA37-149DE8FB5330}.Release|Any CPU.ActiveCfg = Release|Any CPU
		{08DF4C70-6288-4D8E-BA37-149DE8FB5330}.Release|Any CPU.Build.0 = Release|Any CPU
		{5259EC5C-6A50-4BC2-9B38-C9E2B8239F83}.Debug|Any CPU.ActiveCfg = Debug|Any CPU
		{5259EC5C-6A50-4BC2-9B38-C9E2B8239F83}.Debug|Any CPU.Build.0 = Debug|Any CPU
		{5259EC5C-6A50-4BC2-9B38-C9E2B8239F83}.Release|Any CPU.ActiveCfg = Release|Any CPU
		{5259EC5C-6A50-4BC2-9B38-C9E2B8239F83}.Release|Any CPU.Build.0 = Release|Any CPU
		{7D401212-BBB0-4440-91D7-3985FBA1F1D1}.Debug|Any CPU.ActiveCfg = Debug|Any CPU
		{7D401212-BBB0-4440-91D7-3985FBA1F1D1}.Debug|Any CPU.Build.0 = Debug|Any CPU
		{7D401212-BBB0-4440-91D7-3985FBA1F1D1}.Release|Any CPU.ActiveCfg = Release|Any CPU
		{7D401212-BBB0-4440-91D7-3985FBA1F1D1}.Release|Any CPU.Build.0 = Release|Any CPU
		{385C9F79-B7F7-455D-9F84-A9BF11D76124}.Debug|Any CPU.ActiveCfg = Debug|Any CPU
		{385C9F79-B7F7-455D-9F84-A9BF11D76124}.Debug|Any CPU.Build.0 = Debug|Any CPU
		{385C9F79-B7F7-455D-9F84-A9BF11D76124}.Release|Any CPU.ActiveCfg = Release|Any CPU
		{385C9F79-B7F7-455D-9F84-A9BF11D76124}.Release|Any CPU.Build.0 = Release|Any CPU
	EndGlobalSection
	GlobalSection(SolutionProperties) = preSolution
		HideSolutionNode = FALSE
	EndGlobalSection
	GlobalSection(ExtensibilityGlobals) = postSolution
		SolutionGuid = {058E75B0-3224-43F1-9385-FD78DC60FFAB}
	EndGlobalSection
EndGlobal
